
Microsoft Visual Studio Solution File, Format Version 12.00
# Visual Studio Version 16
VisualStudioVersion = 16.0.31911.196
MinimumVisualStudioVersion = 10.0.40219.1
Project("{9A19103F-16F7-4668-BE54-9A1E7A4F7556}") = "InfixCalculator.WPF", "InfixCalculator.WPF\InfixCalculator.WPF.csproj", "{2B0A2ACC-E859-4F09-9D00-AECEBC6758DE}"
EndProject
Project("{9A19103F-16F7-4668-BE54-9A1E7A4F7556}") = "InfixParser", "InfixParser\InfixParser.csproj", "{6ECCEE6C-0B67-4280-A1C7-E8B6BE6555D7}"
EndProject
Global
	GlobalSection(SolutionConfigurationPlatforms) = preSolution
		Debug|Any CPU = Debug|Any CPU
		Release|Any CPU = Release|Any CPU
	EndGlobalSection
	GlobalSection(ProjectConfigurationPlatforms) = postSolution
		{2B0A2ACC-E859-4F09-9D00-AECEBC6758DE}.Debug|Any CPU.ActiveCfg = Debug|Any CPU
		{2B0A2ACC-E859-4F09-9D00-AECEBC6758DE}.Debug|Any CPU.Build.0 = Debug|Any CPU
		{2B0A2ACC-E859-4F09-9D00-AECEBC6758DE}.Release|Any CPU.ActiveCfg = Release|Any CPU
		{2B0A2ACC-E859-4F09-9D00-AECEBC6758DE}.Release|Any CPU.Build.0 = Release|Any CPU
		{6ECCEE6C-0B67-4280-A1C7-E8B6BE6555D7}.Debug|Any CPU.ActiveCfg = Debug|Any CPU
		{6ECCEE6C-0B67-4280-A1C7-E8B6BE6555D7}.Debug|Any CPU.Build.0 = Debug|Any CPU
		{6ECCEE6C-0B67-4280-A1C7-E8B6BE6555D7}.Release|Any CPU.ActiveCfg = Release|Any CPU
		{6ECCEE6C-0B67-4280-A1C7-E8B6BE6555D7}.Release|Any CPU.Build.0 = Release|Any CPU
	EndGlobalSection
	GlobalSection(SolutionProperties) = preSolution
		HideSolutionNode = FALSE
	EndGlobalSection
	GlobalSection(ExtensibilityGlobals) = postSolution
		SolutionGuid = {94C69750-C072-40FE-98CF-7C431526873E}
	EndGlobalSection
EndGlobal
